[r]
version = "4.6.1"

[[package]]
name = "DBI"
version = "1.3.0"
source = "cran"
raw_version = "1.3.0"
url = "https://cran.r-project.org/src/contrib/DBI_1.3.0.tar.gz"
checksum = "md5:ce5e3153cc7395a2aac452db1099d003"

[[package]]
name = "R6"
version = "2.6.1"
source = "cran"
raw_version = "2.6.1"
url = "https://cran.r-project.org/src/contrib/R6_2.6.1.tar.gz"
checksum = "md5:f01b1787f12797c29194d63c9afd5d70"

[[package]]
name = "RNetCDF"
version = "2.11.2"
source = "cran"
raw_version = "2.11-2"
url = "https://cran.r-project.org/src/contrib/RNetCDF_2.11-2.tar.gz"
checksum = "md5:b829ecd1291782336a82785e4b95cc73"

[[package]]
name = "S7"
version = "0.2.2"
source = "cran"
raw_version = "0.2.2"
url = "https://cran.r-project.org/src/contrib/S7_0.2.2.tar.gz"
checksum = "md5:6a40d3eae470be0f06a03737b9391269"

[[package]]
name = "askpass"
version = "1.2.1"
source = "cran"
raw_version = "1.2.1"
url = "https://cran.r-project.org/src/contrib/askpass_1.2.1.tar.gz"
checksum = "md5:fc2c6a61b6a354707586b01950366f37"
requires = ["sys"]

[[package]]
name = "backports"
version = "1.5.1"
source = "cran"
raw_version = "1.5.1"
url = "https://cran.r-project.org/src/contrib/backports_1.5.1.tar.gz"
checksum = "md5:f23f63d1a2a739db18644dfa8c1de7ec"

[[package]]
name = "brew"
version = "1.0.10"
source = "cran"
raw_version = "1.0-10"
url = "https://cran.r-project.org/src/contrib/brew_1.0-10.tar.gz"
checksum = "md5:c1ebbea7284161a8884ffe9ae5ca451f"

[[package]]
name = "brio"
version = "1.1.5"
source = "cran"
raw_version = "1.1.5"
url = "https://cran.r-project.org/src/contrib/brio_1.1.5.tar.gz"
checksum = "md5:01e1a782f87242f9ca9c80acf9deeeff"

[[package]]
name = "callr"
version = "3.8.0"
source = "cran"
raw_version = "3.8.0"
url = "https://cran.r-project.org/src/contrib/callr_3.8.0.tar.gz"
checksum = "md5:6f2cca7ac13cfa5ef90288587f43de6f"
requires = [
    "otel",
    "processx",
    "R6",
]

[[package]]
name = "checkmate"
version = "2.3.4"
source = "cran"
raw_version = "2.3.4"
url = "https://cran.r-project.org/src/contrib/checkmate_2.3.4.tar.gz"
checksum = "md5:64da20583ae2453fe1c86df562eb031b"
requires = ["backports"]

[[package]]
name = "cli"
version = "3.6.6"
source = "cran"
raw_version = "3.6.6"
url = "https://cran.r-project.org/src/contrib/cli_3.6.6.tar.gz"
checksum = "md5:eedc08ba864ae6cd640b05eff1a607ee"

[[package]]
name = "commonmark"
version = "2.0.0"
source = "cran"
raw_version = "2.0.0"
url = "https://cran.r-project.org/src/contrib/commonmark_2.0.0.tar.gz"
checksum = "md5:ac18da7841af62e8c457dd4872cce1ba"

[[package]]
name = "covr"
version = "3.6.5"
source = "cran"
raw_version = "3.6.5"
url = "https://cran.r-project.org/src/contrib/covr_3.6.5.tar.gz"
checksum = "md5:1414ace57aedd343a3992568538cc8ae"
requires = [
    "digest",
    "jsonlite",
    "rex",
    "httr",
    "cli",
    "withr",
    "yaml",
]

[[package]]
name = "cpp11"
version = "0.5.5"
source = "cran"
raw_version = "0.5.5"
url = "https://cran.r-project.org/src/contrib/cpp11_0.5.5.tar.gz"
checksum = "md5:7c4c3f58ffa7adec25b85d0d99c0d7ed"

[[package]]
name = "crayon"
version = "1.5.3"
source = "cran"
raw_version = "1.5.3"
url = "https://cran.r-project.org/src/contrib/crayon_1.5.3.tar.gz"
checksum = "md5:bb290c70d23b2200006187ac7839116f"

[[package]]
name = "curl"
version = "8.0.0"
source = "cran"
raw_version = "8.0.0"
url = "https://cran.r-project.org/src/contrib/curl_8.0.0.tar.gz"
checksum = "md5:11e42cdbfa575a081e5bf9a710ee76bd"

[[package]]
name = "data.table"
version = "1.18.6-4.1"
source = "cran"
raw_version = "1.18.6.1"
url = "https://cran.r-project.org/src/contrib/data.table_1.18.6.1.tar.gz"
checksum = "md5:0c0ad7916017c1657610ab16c36fecdd"

[[package]]
name = "desc"
version = "1.4.3"
source = "cran"
raw_version = "1.4.3"
url = "https://cran.r-project.org/src/contrib/desc_1.4.3.tar.gz"
checksum = "md5:25e3c3be23e19c0f9164ed251c79f677"
requires = [
    "cli",
    "R6",
]

[[package]]
name = "diffobj"
version = "0.3.9"
source = "cran"
raw_version = "0.3.9"
url = "https://cran.r-project.org/src/contrib/diffobj_0.3.9.tar.gz"
checksum = "md5:2211ade9964a649d33567a67bbbac2de"
requires = ["crayon"]

[[package]]
name = "digest"
version = "0.6.39"
source = "cran"
raw_version = "0.6.39"
url = "https://cran.r-project.org/src/contrib/digest_0.6.39.tar.gz"
checksum = "md5:2b7268922b0f86dbc8064ff8e3a1ca1b"

[[package]]
name = "duckdb"
version = "1.5.6"
source = "cran"
raw_version = "1.5.6"
url = "https://cran.r-project.org/src/contrib/duckdb_1.5.6.tar.gz"
checksum = "md5:c394f89e8e9662a2c77c13860b9f09f6"
requires = ["DBI"]

[[package]]
name = "evaluate"
version = "1.0.5"
source = "cran"
raw_version = "1.0.5"
url = "https://cran.r-project.org/src/contrib/evaluate_1.0.5.tar.gz"
checksum = "md5:64d96fee3845fd96d1eafaba37adf00e"

[[package]]
name = "fs"
version = "2.1.0"
source = "cran"
raw_version = "2.1.0"
url = "https://cran.r-project.org/src/contrib/fs_2.1.0.tar.gz"
checksum = "md5:6011a5e758c21acc297ed8bbcf97e7d9"

[[package]]
name = "glue"
version = "1.8.1"
source = "cran"
raw_version = "1.8.1"
url = "https://cran.r-project.org/src/contrib/glue_1.8.1.tar.gz"
checksum = "md5:24e3cd382f52015c929538a5208d11aa"

[[package]]
name = "highr"
version = "0.12.0"
source = "cran"
raw_version = "0.12"
url = "https://cran.r-project.org/src/contrib/highr_0.12.tar.gz"
checksum = "md5:006fcfa8e16c72ecd1adffdf0cf87e43"
requires = ["xfun"]

[[package]]
name = "httr"
version = "1.4.9"
source = "cran"
raw_version = "1.4.9"
url = "https://cran.r-project.org/src/contrib/httr_1.4.9.tar.gz"
checksum = "md5:22833540ae6b924a3de576cf6c9c8e50"
requires = [
    "curl",
    "jsonlite",
    "mime",
    "openssl",
    "R6",
]

[[package]]
name = "jsonlite"
version = "2.0.0"
source = "cran"
raw_version = "2.0.0"
url = "https://cran.r-project.org/src/contrib/jsonlite_2.0.0.tar.gz"
checksum = "md5:3e54e6fbc0c9063936e3d01e91419c14"

[[package]]
name = "knitr"
version = "1.52.0"
source = "cran"
raw_version = "1.52"
url = "https://cran.r-project.org/src/contrib/knitr_1.52.tar.gz"
checksum = "md5:0fc9f044e50fd86269f05b6067159bc6"
requires = [
    "evaluate",
    "highr",
    "xfun",
    "yaml",
]

[[package]]
name = "lifecycle"
version = "1.0.5"
source = "cran"
raw_version = "1.0.5"
url = "https://cran.r-project.org/src/contrib/lifecycle_1.0.5.tar.gz"
checksum = "md5:bce35a7a89fe4108f262db3e441cccae"
requires = [
    "cli",
    "rlang",
]

[[package]]
name = "magrittr"
version = "2.0.5"
source = "cran"
raw_version = "2.0.5"
url = "https://cran.r-project.org/src/contrib/magrittr_2.0.5.tar.gz"
checksum = "md5:4ee23a88bc1589527696d777d7e68dfc"

[[package]]
name = "mime"
version = "0.13.0"
source = "cran"
raw_version = "0.13"
url = "https://cran.r-project.org/src/contrib/mime_0.13.tar.gz"
checksum = "md5:45c3868fb2f5a7f3817d54d1c75799f9"

[[package]]
name = "mirai"
version = "2.7.3"
source = "cran"
raw_version = "2.7.3"
url = "https://cran.r-project.org/src/contrib/mirai_2.7.3.tar.gz"
checksum = "md5:84bfa1981bf129efeecfd973c264e146"
requires = ["nanonext"]

[[package]]
name = "nanonext"
version = "1.10.3"
source = "cran"
raw_version = "1.10.3"
url = "https://cran.r-project.org/src/contrib/nanonext_1.10.3.tar.gz"
checksum = "md5:6ca73a4aa9b0debccee90ec360097d50"

[[package]]
name = "openssl"
version = "2.4.2"
source = "cran"
raw_version = "2.4.2"
url = "https://cran.r-project.org/src/contrib/openssl_2.4.2.tar.gz"
checksum = "md5:748b0fa601173da477706803783b6943"
requires = ["askpass"]

[[package]]
name = "otel"
version = "0.2.0"
source = "cran"
raw_version = "0.2.0"
url = "https://cran.r-project.org/src/contrib/otel_0.2.0.tar.gz"
checksum = "md5:cecd0f434a6327dcf5ca0bc2da494d06"

[[package]]
name = "pkgbuild"
version = "1.4.8"
source = "cran"
raw_version = "1.4.8"
url = "https://cran.r-project.org/src/contrib/pkgbuild_1.4.8.tar.gz"
checksum = "md5:7708705f2645a0852f41af6e3a36d8d7"
requires = [
    "callr",
    "cli",
    "desc",
    "processx",
    "R6",
]

[[package]]
name = "pkgload"
version = "1.5.3"
source = "cran"
raw_version = "1.5.3"
url = "https://cran.r-project.org/src/contrib/pkgload_1.5.3.tar.gz"
checksum = "md5:9f38a3a0d87ea2d72d1d9e9b9bfd1106"
requires = [
    "cli",
    "desc",
    "fs",
    "glue",
    "lifecycle",
    "pkgbuild",
    "processx",
    "rlang",
    "rprojroot",
]

[[package]]
name = "praise"
version = "1.0.0"
source = "cran"
raw_version = "1.0.0"
url = "https://cran.r-project.org/src/contrib/praise_1.0.0.tar.gz"
checksum = "md5:9318724cec0454884b5f762bee2da6a1"

[[package]]
name = "prettyunits"
version = "1.2.0"
source = "cran"
raw_version = "1.2.0"
url = "https://cran.r-project.org/src/contrib/prettyunits_1.2.0.tar.gz"
checksum = "md5:2e2db8105f214b80d3d4254b8aabb255"

[[package]]
name = "processx"
version = "3.9.0"
source = "cran"
raw_version = "3.9.0"
url = "https://cran.r-project.org/src/contrib/processx_3.9.0.tar.gz"
checksum = "md5:c4e0ed59285d195cdb03c66e3a9cb76d"
requires = [
    "ps",
    "R6",
]

[[package]]
name = "ps"
version = "1.9.3"
source = "cran"
raw_version = "1.9.3"
url = "https://cran.r-project.org/src/contrib/ps_1.9.3.tar.gz"
checksum = "md5:a965ee358e18f9d6586f594487e1c2cf"

[[package]]
name = "rcmdcheck"
version = "1.4.0"
source = "cran"
raw_version = "1.4.0"
url = "https://cran.r-project.org/src/contrib/rcmdcheck_1.4.0.tar.gz"
checksum = "md5:a3d880f759b8d53de41155fc922c6b5c"
requires = [
    "callr",
    "cli",
    "curl",
    "desc",
    "digest",
    "pkgbuild",
    "prettyunits",
    "R6",
    "rprojroot",
    "sessioninfo",
    "withr",
    "xopen",
]

[[package]]
name = "rdtools"
version = "0.1.0"
source = "cran"
raw_version = "0.1.0"
url = "https://cran.r-project.org/src/contrib/rdtools_0.1.0.tar.gz"
checksum = "md5:15243eafd24d97371d15f573530d9a12"

[[package]]
name = "rex"
version = "1.2.2"
source = "cran"
raw_version = "1.2.2"
url = "https://cran.r-project.org/src/contrib/rex_1.2.2.tar.gz"
checksum = "md5:badb771be4124e348912f34b50b98296"
requires = ["withr"]

[[package]]
name = "rlang"
version = "1.3.0"
source = "cran"
raw_version = "1.3.0"
url = "https://cran.r-project.org/src/contrib/rlang_1.3.0.tar.gz"
checksum = "md5:b52c165e43f4d7fe5cfa15c5c9467ff4"

[[package]]
name = "roxygen2"
version = "8.1.1"
source = "cran"
raw_version = "8.1.1"
url = "https://cran.r-project.org/src/contrib/roxygen2_8.1.1.tar.gz"
checksum = "md5:9c8666c36cdff91561fa7176dae67c98"
requires = [
    "brew",
    "cli",
    "commonmark",
    "desc",
    "knitr",
    "lifecycle",
    "pkgload",
    "R6",
    "rdtools",
    "rlang",
    "withr",
    "xml2",
    "cpp11",
]

[[package]]
name = "rprojroot"
version = "2.1.1"
source = "cran"
raw_version = "2.1.1"
url = "https://cran.r-project.org/src/contrib/rprojroot_2.1.1.tar.gz"
checksum = "md5:307fef4f932acc1d8660a857e44d5fb7"

[[package]]
name = "sessioninfo"
version = "1.2.4"
source = "cran"
raw_version = "1.2.4"
url = "https://cran.r-project.org/src/contrib/sessioninfo_1.2.4.tar.gz"
checksum = "md5:7345704ff2704dcf12e8e952ea0ca6cb"
requires = ["cli"]

[[package]]
name = "sys"
version = "3.4.3"
source = "cran"
raw_version = "3.4.3"
url = "https://cran.r-project.org/src/contrib/sys_3.4.3.tar.gz"
checksum = "md5:ffb4244c6d4cacdd4ac8ef187699707c"

[[package]]
name = "testthat"
version = "3.3.2"
source = "cran"
raw_version = "3.3.2"
url = "https://cran.r-project.org/src/contrib/testthat_3.3.2.tar.gz"
checksum = "md5:04c0b5f18aff2fdae2a3170afb9ee5e3"
requires = [
    "brio",
    "callr",
    "cli",
    "desc",
    "evaluate",
    "jsonlite",
    "lifecycle",
    "magrittr",
    "pkgload",
    "praise",
    "processx",
    "ps",
    "R6",
    "rlang",
    "waldo",
    "withr",
]

[[package]]
name = "waldo"
version = "0.6.2"
source = "cran"
raw_version = "0.6.2"
url = "https://cran.r-project.org/src/contrib/waldo_0.6.2.tar.gz"
checksum = "md5:0f215c5afc65d5a715181521ea3e79fa"
requires = [
    "cli",
    "diffobj",
    "glue",
    "rlang",
]

[[package]]
name = "webfakes"
version = "1.5.0"
source = "cran"
raw_version = "1.5.0"
url = "https://cran.r-project.org/src/contrib/webfakes_1.5.0.tar.gz"
checksum = "md5:00dac0b04e174e676867662d079519a4"

[[package]]
name = "withr"
version = "3.0.3"
source = "cran"
raw_version = "3.0.3"
url = "https://cran.r-project.org/src/contrib/withr_3.0.3.tar.gz"
checksum = "md5:121bf3699aadb9d1b47d648964b934f8"

[[package]]
name = "xfun"
version = "0.61.0"
source = "cran"
raw_version = "0.61"
url = "https://cran.r-project.org/src/contrib/xfun_0.61.tar.gz"
checksum = "md5:70130070c686204fb71dbf20c6c871ac"

[[package]]
name = "xml2"
version = "1.6.0"
source = "cran"
raw_version = "1.6.0"
url = "https://cran.r-project.org/src/contrib/xml2_1.6.0.tar.gz"
checksum = "md5:4e005569a935f91400a06533cad641e8"
requires = [
    "cli",
    "rlang",
]

[[package]]
name = "xopen"
version = "1.0.1"
source = "cran"
raw_version = "1.0.1"
url = "https://cran.r-project.org/src/contrib/xopen_1.0.1.tar.gz"
checksum = "md5:776adc6fa99158dab522b3bd9096cb61"
requires = ["processx"]

[[package]]
name = "yaml"
version = "2.3.12"
source = "cran"
raw_version = "2.3.12"
url = "https://cran.r-project.org/src/contrib/yaml_2.3.12.tar.gz"
checksum = "md5:6beea9b09717960f6c79fcbc1e129c41"
